
Microsoft Visual Studio Solution File, Format Version 12.00
# Visual Studio Version 16
VisualStudioVersion = 16.0.31105.61
MinimumVisualStudioVersion = 10.0.40219.1
Project("{9A19103F-16F7-4668-BE54-9A1E7A4F7556}") = "Airline", "Airline\Airline.csproj", "{6AFFC13B-88F6-43EC-9F5A-E7698B26BA80}"
EndProject
Project("{9A19103F-16F7-4668-BE54-9A1E7A4F7556}") = "ClassLib", "ClassLib\ClassLib.csproj", "{922F1607-1087-4FA7-9BCF-1D30561CE10B}"
EndProject
Project("{FAE04EC0-301F-11D3-BF4B-00C04F79EFBC}") = "Airline.UnitTests", "Airline.UnitTests\Airline.UnitTests.csproj", "{37578941-2908-422A-A82E-A10DD145C799}"
EndProject
Global
	GlobalSection(SolutionConfigurationPlatforms) = preSolution
		Debug|Any CPU = Debug|Any CPU
		Release|Any CPU = Release|Any CPU
	EndGlobalSection
	GlobalSection(ProjectConfigurationPlatforms) = postSolution
		{6AFFC13B-88F6-43EC-9F5A-E7698B26BA80}.Debug|Any CPU.ActiveCfg = Debug|Any CPU
		{6AFFC13B-88F6-43EC-9F5A-E7698B26BA80}.Debug|Any CPU.Build.0 = Debug|Any CPU
		{6AFFC13B-88F6-43EC-9F5A-E7698B26BA80}.Release|Any CPU.ActiveCfg = Release|Any CPU
		{6AFFC13B-88F6-43EC-9F5A-E7698B26BA80}.Release|Any CPU.Build.0 = Release|Any CPU
		{922F1607-1087-4FA7-9BCF-1D30561CE10B}.Debug|Any CPU.ActiveCfg = Debug|Any CPU
		{922F1607-1087-4FA7-9BCF-1D30561CE10B}.Debug|Any CPU.Build.0 = Debug|Any CPU
		{922F1607-1087-4FA7-9BCF-1D30561CE10B}.Release|Any CPU.ActiveCfg = Release|Any CPU
		{922F1607-1087-4FA7-9BCF-1D30561CE10B}.Release|Any CPU.Build.0 = Release|Any CPU
		{37578941-2908-422A-A82E-A10DD145C799}.Debug|Any CPU.ActiveCfg = Debug|Any CPU
		{37578941-2908-422A-A82E-A10DD145C799}.Debug|Any CPU.Build.0 = Debug|Any CPU
		{37578941-2908-422A-A82E-A10DD145C799}.Release|Any CPU.ActiveCfg = Release|Any CPU
		{37578941-2908-422A-A82E-A10DD145C799}.Release|Any CPU.Build.0 = Release|Any CPU
	EndGlobalSection
	GlobalSection(SolutionProperties) = preSolution
		HideSolutionNode = FALSE
	EndGlobalSection
	GlobalSection(ExtensibilityGlobals) = postSolution
		SolutionGuid = {5DB58E5B-EBD4-4BDB-A072-9999F980DBC5}
	EndGlobalSection
EndGlobal
