
Microsoft Visual Studio Solution File, Format Version 12.00
# Visual Studio Version 16
VisualStudioVersion = 16.0.31105.61
MinimumVisualStudioVersion = 10.0.40219.1
Project("{9A19103F-16F7-4668-BE54-9A1E7A4F7556}") = "Airline", "Airline\Airline.csproj", "{6AFFC13B-88F6-43EC-9F5A-E7698B26BA80}"
EndProject
Project("{9A19103F-16F7-4668-BE54-9A1E7A4F7556}") = "ClassLib", "ClassLib\ClassLib.csproj", "{922F1607-1087-4FA7-9BCF-1D30561CE10B}"
EndProject
Project("{9A19103F-16F7-4668-BE54-9A1E7A4F7556}") = "S2Circustrein", "S2Circustrein\S2Circustrein.csproj", "{4441C1F7-1404-469C-9994-8E4E6EDE030D}"
EndProject
Project("{9A19103F-16F7-4668-BE54-9A1E7A4F7556}") = "Circustrein.UnitTests", "Circustrein.UnitTests\Circustrein.UnitTests.csproj", "{F97BD4B0-9E64-43B4-9FBC-CA519401F5C4}"
EndProject
Project("{2150E333-8FDC-42A3-9474-1A3956D46DE8}") = "AirlineProject", "AirlineProject", "{F5CDC9DD-3EAB-448D-B23B-C7BCA38893E4}"
EndProject
Project("{2150E333-8FDC-42A3-9474-1A3956D46DE8}") = "CircusAlgorithm", "CircusAlgorithm", "{C1FCBDA9-8F98-45A1-BA16-61E7E3419A77}"
EndProject
Project("{9A19103F-16F7-4668-BE54-9A1E7A4F7556}") = "Algoritme", "Algoritme-euler\Algoritme.csproj", "{0A48616D-6A67-4B93-98C2-58785138C4DD}"
EndProject
Project("{2150E333-8FDC-42A3-9474-1A3956D46DE8}") = "Algorithm", "Algorithm", "{D135ECAC-4111-487D-ABFE-89E15C5E0364}"
EndProject
Project("{FAE04EC0-301F-11D3-BF4B-00C04F79EFBC}") = "Airline.UnitTests", "Airline.UnitTests\Airline.UnitTests.csproj", "{40A437CD-82AB-4CEB-B93C-472A0DFEBB70}"
EndProject
Global
	GlobalSection(SolutionConfigurationPlatforms) = preSolution
		Debug|Any CPU = Debug|Any CPU
		Release|Any CPU = Release|Any CPU
	EndGlobalSection
	GlobalSection(ProjectConfigurationPlatforms) = postSolution
		{6AFFC13B-88F6-43EC-9F5A-E7698B26BA80}.Debug|Any CPU.ActiveCfg = Debug|Any CPU
		{6AFFC13B-88F6-43EC-9F5A-E7698B26BA80}.Debug|Any CPU.Build.0 = Debug|Any CPU
		{6AFFC13B-88F6-43EC-9F5A-E7698B26BA80}.Release|Any CPU.ActiveCfg = Release|Any CPU
		{6AFFC13B-88F6-43EC-9F5A-E7698B26BA80}.Release|Any CPU.Build.0 = Release|Any CPU
		{922F1607-1087-4FA7-9BCF-1D30561CE10B}.Debug|Any CPU.ActiveCfg = Debug|Any CPU
		{922F1607-1087-4FA7-9BCF-1D30561CE10B}.Debug|Any CPU.Build.0 = Debug|Any CPU
		{922F1607-1087-4FA7-9BCF-1D30561CE10B}.Release|Any CPU.ActiveCfg = Release|Any CPU
		{922F1607-1087-4FA7-9BCF-1D30561CE10B}.Release|Any CPU.Build.0 = Release|Any CPU
		{4441C1F7-1404-469C-9994-8E4E6EDE030D}.Debug|Any CPU.ActiveCfg = Debug|Any CPU
		{4441C1F7-1404-469C-9994-8E4E6EDE030D}.Debug|Any CPU.Build.0 = Debug|Any CPU
		{4441C1F7-1404-469C-9994-8E4E6EDE030D}.Release|Any CPU.ActiveCfg = Release|Any CPU
		{4441C1F7-1404-469C-9994-8E4E6EDE030D}.Release|Any CPU.Build.0 = Release|Any CPU
		{F97BD4B0-9E64-43B4-9FBC-CA519401F5C4}.Debug|Any CPU.ActiveCfg = Debug|Any CPU
		{F97BD4B0-9E64-43B4-9FBC-CA519401F5C4}.Debug|Any CPU.Build.0 = Debug|Any CPU
		{F97BD4B0-9E64-43B4-9FBC-CA519401F5C4}.Release|Any CPU.ActiveCfg = Release|Any CPU
		{F97BD4B0-9E64-43B4-9FBC-CA519401F5C4}.Release|Any CPU.Build.0 = Release|Any CPU
		{0A48616D-6A67-4B93-98C2-58785138C4DD}.Debug|Any CPU.ActiveCfg = Debug|Any CPU
		{0A48616D-6A67-4B93-98C2-58785138C4DD}.Debug|Any CPU.Build.0 = Debug|Any CPU
		{0A48616D-6A67-4B93-98C2-58785138C4DD}.Release|Any CPU.ActiveCfg = Release|Any CPU
		{0A48616D-6A67-4B93-98C2-58785138C4DD}.Release|Any CPU.Build.0 = Release|Any CPU
		{40A437CD-82AB-4CEB-B93C-472A0DFEBB70}.Debug|Any CPU.ActiveCfg = Debug|Any CPU
		{40A437CD-82AB-4CEB-B93C-472A0DFEBB70}.Debug|Any CPU.Build.0 = Debug|Any CPU
		{40A437CD-82AB-4CEB-B93C-472A0DFEBB70}.Release|Any CPU.ActiveCfg = Release|Any CPU
		{40A437CD-82AB-4CEB-B93C-472A0DFEBB70}.Release|Any CPU.Build.0 = Release|Any CPU
	EndGlobalSection
	GlobalSection(SolutionProperties) = preSolution
		HideSolutionNode = FALSE
	EndGlobalSection
	GlobalSection(NestedProjects) = preSolution
		{6AFFC13B-88F6-43EC-9F5A-E7698B26BA80} = {F5CDC9DD-3EAB-448D-B23B-C7BCA38893E4}
		{922F1607-1087-4FA7-9BCF-1D30561CE10B} = {F5CDC9DD-3EAB-448D-B23B-C7BCA38893E4}
		{4441C1F7-1404-469C-9994-8E4E6EDE030D} = {C1FCBDA9-8F98-45A1-BA16-61E7E3419A77}
		{F97BD4B0-9E64-43B4-9FBC-CA519401F5C4} = {C1FCBDA9-8F98-45A1-BA16-61E7E3419A77}
		{C1FCBDA9-8F98-45A1-BA16-61E7E3419A77} = {D135ECAC-4111-487D-ABFE-89E15C5E0364}
		{0A48616D-6A67-4B93-98C2-58785138C4DD} = {D135ECAC-4111-487D-ABFE-89E15C5E0364}
		{40A437CD-82AB-4CEB-B93C-472A0DFEBB70} = {F5CDC9DD-3EAB-448D-B23B-C7BCA38893E4}
	EndGlobalSection
	GlobalSection(ExtensibilityGlobals) = postSolution
		SolutionGuid = {5DB58E5B-EBD4-4BDB-A072-9999F980DBC5}
	EndGlobalSection
EndGlobal
